// !$*UTF8*$!
{
	archiveVersion = 1;
	classes = {
	};
	objectVersion = 55;
	objects = {

/* Begin PBXBuildFile section */
		410E413E28EA15A40082E3DA /* AppDelegate.swift in Sources */ = {isa = PBXBuildFile; fileRef = 410E413D28EA15A40082E3DA /* AppDelegate.swift */; };
		410E414028EA15A40082E3DA /* SceneDelegate.swift in Sources */ = {isa = PBXBuildFile; fileRef = 410E413F28EA15A40082E3DA /* SceneDelegate.swift */; };
		410E414228EA15A40082E3DA /* WelcomeViewController.swift in Sources */ = {isa = PBXBuildFile; fileRef = 410E414128EA15A40082E3DA /* WelcomeViewController.swift */; };
		410E414728EA15A60082E3DA /* Assets.xcassets in Resources */ = {isa = PBXBuildFile; fileRef = 410E414628EA15A60082E3DA /* Assets.xcassets */; };
		410E414A28EA15A60082E3DA /* LaunchScreen.storyboard in Resources */ = {isa = PBXBuildFile; fileRef = 410E414828EA15A60082E3DA /* LaunchScreen.storyboard */; };
		41440BC2292AA507005FC645 /* NotesViewController.swift in Sources */ = {isa = PBXBuildFile; fileRef = 41440BC1292AA507005FC645 /* NotesViewController.swift */; };
		41440BC4292ABFDD005FC645 /* ShortNote.swift in Sources */ = {isa = PBXBuildFile; fileRef = 41440BC3292ABFDD005FC645 /* ShortNote.swift */; };
		419389602937EEE000E68261 /* NewsViewController.swift in Sources */ = {isa = PBXBuildFile; fileRef = 4193895F2937EEE000E68261 /* NewsViewController.swift */; };
		419389622937F3A800E68261 /* NewsCell.swift in Sources */ = {isa = PBXBuildFile; fileRef = 419389612937F3A800E68261 /* NewsCell.swift */; };
		419389642937F4C600E68261 /* viewModel.swift in Sources */ = {isa = PBXBuildFile; fileRef = 419389632937F4C600E68261 /* viewModel.swift */; };
		41A13075290E6043008CB83A /* ColorPaletteV.swift in Sources */ = {isa = PBXBuildFile; fileRef = 41A13074290E6043008CB83A /* ColorPaletteV.swift */; };
		41BD503F293F968C0070EBCE /* NewsViewController2.swift in Sources */ = {isa = PBXBuildFile; fileRef = 41BD503E293F968C0070EBCE /* NewsViewController2.swift */; };
		41F92CE9292CD65F00F475BB /* AddNoteCell.swift in Sources */ = {isa = PBXBuildFile; fileRef = 41F92CE8292CD65F00F475BB /* AddNoteCell.swift */; };
		41FA7BBB2940845700A7DAB8 /* ApiService.swift in Sources */ = {isa = PBXBuildFile; fileRef = 41FA7BBA2940845700A7DAB8 /* ApiService.swift */; };
		41FF1FC228F21B0E0025BF32 /* UIView_Pin.swift in Sources */ = {isa = PBXBuildFile; fileRef = 41FF1FC128F21B0E0025BF32 /* UIView_Pin.swift */; };
/* End PBXBuildFile section */

/* Begin PBXFileReference section */
		410E413A28EA15A40082E3DA /* iomorinPW2.app */ = {isa = PBXFileReference; explicitFileType = wrapper.application; includeInIndex = 0; path = iomorinPW2.app; sourceTree = BUILT_PRODUCTS_DIR; };
		410E413D28EA15A40082E3DA /* AppDelegate.swift */ = {isa = PBXFileReference; lastKnownFileType = sourcecode.swift; path = AppDelegate.swift; sourceTree = "<group>"; };
		410E413F28EA15A40082E3DA /* SceneDelegate.swift */ = {isa = PBXFileReference; lastKnownFileType = sourcecode.swift; path = SceneDelegate.swift; sourceTree = "<group>"; };
		410E414128EA15A40082E3DA /* WelcomeViewController.swift */ = {isa = PBXFileReference; lastKnownFileType = sourcecode.swift; path = WelcomeViewController.swift; sourceTree = "<group>"; };
		410E414628EA15A60082E3DA /* Assets.xcassets */ = {isa = PBXFileReference; lastKnownFileType = folder.assetcatalog; path = Assets.xcassets; sourceTree = "<group>"; };
		410E414928EA15A60082E3DA /* Base */ = {isa = PBXFileReference; lastKnownFileType = file.storyboard; name = Base; path = Base.lproj/LaunchScreen.storyboard; sourceTree = "<group>"; };
		410E414B28EA15A60082E3DA /* Info.plist */ = {isa = PBXFileReference; lastKnownFileType = text.plist.xml; path = Info.plist; sourceTree = "<group>"; };
		41440BC1292AA507005FC645 /* NotesViewController.swift */ = {isa = PBXFileReference; lastKnownFileType = sourcecode.swift; path = NotesViewController.swift; sourceTree = "<group>"; };
		41440BC3292ABFDD005FC645 /* ShortNote.swift */ = {isa = PBXFileReference; lastKnownFileType = sourcecode.swift; path = ShortNote.swift; sourceTree = "<group>"; };
		4193895F2937EEE000E68261 /* NewsViewController.swift */ = {isa = PBXFileReference; lastKnownFileType = sourcecode.swift; name = NewsViewController.swift; path = ../../NewsViewController.swift; sourceTree = "<group>"; };
		419389612937F3A800E68261 /* NewsCell.swift */ = {isa = PBXFileReference; lastKnownFileType = sourcecode.swift; path = NewsCell.swift; sourceTree = "<group>"; };
		419389632937F4C600E68261 /* viewModel.swift */ = {isa = PBXFileReference; lastKnownFileType = sourcecode.swift; path = viewModel.swift; sourceTree = "<group>"; };
		41A13074290E6043008CB83A /* ColorPaletteV.swift */ = {isa = PBXFileReference; lastKnownFileType = sourcecode.swift; path = ColorPaletteV.swift; sourceTree = "<group>"; };
		41BD503E293F968C0070EBCE /* NewsViewController2.swift */ = {isa = PBXFileReference; lastKnownFileType = sourcecode.swift; path = NewsViewController2.swift; sourceTree = "<group>"; };
		41F92CE8292CD65F00F475BB /* AddNoteCell.swift */ = {isa = PBXFileReference; lastKnownFileType = sourcecode.swift; path = AddNoteCell.swift; sourceTree = "<group>"; };
		41FA7BBA2940845700A7DAB8 /* ApiService.swift */ = {isa = PBXFileReference; lastKnownFileType = sourcecode.swift; path = ApiService.swift; sourceTree = "<group>"; };
		41FF1FC128F21B0E0025BF32 /* UIView_Pin.swift */ = {isa = PBXFileReference; fileEncoding = 4; lastKnownFileType = sourcecode.swift; path = UIView_Pin.swift; sourceTree = "<group>"; };
/* End PBXFileReference section */

/* Begin PBXFrameworksBuildPhase section */
		410E413728EA15A40082E3DA /* Frameworks */ = {
			isa = PBXFrameworksBuildPhase;
			buildActionMask = 2147483647;
			files = (
			);
			runOnlyForDeploymentPostprocessing = 0;
		};
/* End PBXFrameworksBuildPhase section */

/* Begin PBXGroup section */
		410E413128EA15A40082E3DA = {
			isa = PBXGroup;
			children = (
				41FA7BBA2940845700A7DAB8 /* ApiService.swift */,
				410E413C28EA15A40082E3DA /* iomorinPW2 */,
				410E413B28EA15A40082E3DA /* Products */,
			);
			sourceTree = "<group>";
		};
		410E413B28EA15A40082E3DA /* Products */ = {
			isa = PBXGroup;
			children = (
				410E413A28EA15A40082E3DA /* iomorinPW2.app */,
			);
			name = Products;
			sourceTree = "<group>";
		};
		410E413C28EA15A40082E3DA /* iomorinPW2 */ = {
			isa = PBXGroup;
			children = (
				41F92CE7292CD52F00F475BB /* Model */,
				41C134AA28EF1929007D7083 /* View */,
				410E413D28EA15A40082E3DA /* AppDelegate.swift */,
				410E413F28EA15A40082E3DA /* SceneDelegate.swift */,
				41C134A828EF1888007D7083 /* Controler */,
				410E414628EA15A60082E3DA /* Assets.xcassets */,
				410E414828EA15A60082E3DA /* LaunchScreen.storyboard */,
				410E414B28EA15A60082E3DA /* Info.plist */,
			);
			path = iomorinPW2;
			sourceTree = "<group>";
		};
		41C134A828EF1888007D7083 /* Controler */ = {
			isa = PBXGroup;
			children = (
				4193895F2937EEE000E68261 /* NewsViewController.swift */,
				41BD503E293F968C0070EBCE /* NewsViewController2.swift */,
				41440BC1292AA507005FC645 /* NotesViewController.swift */,
				410E414128EA15A40082E3DA /* WelcomeViewController.swift */,
			);
			path = Controler;
			sourceTree = "<group>";
		};
		41C134AA28EF1929007D7083 /* View */ = {
			isa = PBXGroup;
			children = (
				41FF1FC128F21B0E0025BF32 /* UIView_Pin.swift */,
				41F92CE8292CD65F00F475BB /* AddNoteCell.swift */,
				41A13074290E6043008CB83A /* ColorPaletteV.swift */,
			);
			path = View;
			sourceTree = "<group>";
		};
		41F92CE7292CD52F00F475BB /* Model */ = {
			isa = PBXGroup;
			children = (
				419389632937F4C600E68261 /* viewModel.swift */,
				41440BC3292ABFDD005FC645 /* ShortNote.swift */,
				419389612937F3A800E68261 /* NewsCell.swift */,
			);
			path = Model;
			sourceTree = "<group>";
		};
/* End PBXGroup section */

/* Begin PBXNativeTarget section */
		410E413928EA15A40082E3DA /* iomorinPW2 */ = {
			isa = PBXNativeTarget;
			buildConfigurationList = 410E414E28EA15A60082E3DA /* Build configuration list for PBXNativeTarget "iomorinPW2" */;
			buildPhases = (
				410E413628EA15A40082E3DA /* Sources */,
				410E413728EA15A40082E3DA /* Frameworks */,
				410E413828EA15A40082E3DA /* Resources */,
			);
			buildRules = (
			);
			dependencies = (
			);
			name = iomorinPW2;
			productName = iomorinPW2;
			productReference = 410E413A28EA15A40082E3DA /* iomorinPW2.app */;
			productType = "com.apple.product-type.application";
		};
/* End PBXNativeTarget section */

/* Begin PBXProject section */
		410E413228EA15A40082E3DA /* Project object */ = {
			isa = PBXProject;
			attributes = {
				BuildIndependentTargetsInParallel = 1;
				LastSwiftUpdateCheck = 1340;
				LastUpgradeCheck = 1340;
				TargetAttributes = {
					410E413928EA15A40082E3DA = {
						CreatedOnToolsVersion = 13.4.1;
					};
				};
			};
			buildConfigurationList = 410E413528EA15A40082E3DA /* Build configuration list for PBXProject "iomorinPW2" */;
			compatibilityVersion = "Xcode 13.0";
			developmentRegion = en;
			hasScannedForEncodings = 0;
			knownRegions = (
				en,
				Base,
			);
			mainGroup = 410E413128EA15A40082E3DA;
			productRefGroup = 410E413B28EA15A40082E3DA /* Products */;
			projectDirPath = "";
			projectRoot = "";
			targets = (
				410E413928EA15A40082E3DA /* iomorinPW2 */,
			);
		};
/* End PBXProject section */

/* Begin PBXResourcesBuildPhase section */
		410E413828EA15A40082E3DA /* Resources */ = {
			isa = PBXResourcesBuildPhase;
			buildActionMask = 2147483647;
			files = (
				410E414A28EA15A60082E3DA /* LaunchScreen.storyboard in Resources */,
				410E414728EA15A60082E3DA /* Assets.xcassets in Resources */,
			);
			runOnlyForDeploymentPostprocessing = 0;
		};
/* End PBXResourcesBuildPhase section */

/* Begin PBXSourcesBuildPhase section */
		410E413628EA15A40082E3DA /* Sources */ = {
			isa = PBXSourcesBuildPhase;
			buildActionMask = 2147483647;
			files = (
				410E414228EA15A40082E3DA /* WelcomeViewController.swift in Sources */,
				41440BC4292ABFDD005FC645 /* ShortNote.swift in Sources */,
				41A13075290E6043008CB83A /* ColorPaletteV.swift in Sources */,
				41F92CE9292CD65F00F475BB /* AddNoteCell.swift in Sources */,
				419389622937F3A800E68261 /* NewsCell.swift in Sources */,
				41440BC2292AA507005FC645 /* NotesViewController.swift in Sources */,
				41BD503F293F968C0070EBCE /* NewsViewController2.swift in Sources */,
				41FA7BBB2940845700A7DAB8 /* ApiService.swift in Sources */,
				419389642937F4C600E68261 /* viewModel.swift in Sources */,
				410E413E28EA15A40082E3DA /* AppDelegate.swift in Sources */,
				419389602937EEE000E68261 /* NewsViewController.swift in Sources */,
				41FF1FC228F21B0E0025BF32 /* UIView_Pin.swift in Sources */,
				410E414028EA15A40082E3DA /* SceneDelegate.swift in Sources */,
			);
			runOnlyForDeploymentPostprocessing = 0;
		};
/* End PBXSourcesBuildPhase section */

/* Begin PBXVariantGroup section */
		410E414828EA15A60082E3DA /* LaunchScreen.storyboard */ = {
			isa = PBXVariantGroup;
			children = (
				410E414928EA15A60082E3DA /* Base */,
			);
			name = LaunchScreen.storyboard;
			sourceTree = "<group>";
		};
/* End PBXVariantGroup section */

/* Begin XCBuildConfiguration section */
		410E414C28EA15A60082E3DA /* Debug */ = {
			isa = XCBuildConfiguration;
			buildSettings = {
				ALWAYS_SEARCH_USER_PATHS = NO;
				CLANG_ANALYZER_NONNULL = YES;
				CLANG_ANALYZER_NUMBER_OBJECT_CONVERSION = YES_AGGRESSIVE;
				CLANG_CXX_LANGUAGE_STANDARD = "gnu++17";
				CLANG_ENABLE_MODULES = YES;
				CLANG_ENABLE_OBJC_ARC = YES;
				CLANG_ENABLE_OBJC_WEAK = YES;
				CLANG_WARN_BLOCK_CAPTURE_AUTORELEASING = YES;
				CLANG_WARN_BOOL_CONVERSION = YES;
				CLANG_WARN_COMMA = YES;
				CLANG_WARN_CONSTANT_CONVERSION = YES;
				CLANG_WARN_DEPRECATED_OBJC_IMPLEMENTATIONS = YES;
				CLANG_WARN_DIRECT_OBJC_ISA_USAGE = YES_ERROR;
				CLANG_WARN_DOCUMENTATION_COMMENTS = YES;
				CLANG_WARN_EMPTY_BODY = YES;
				CLANG_WARN_ENUM_CONVERSION = YES;
				CLANG_WARN_INFINITE_RECURSION = YES;
				CLANG_WARN_INT_CONVERSION = YES;
				CLANG_WARN_NON_LITERAL_NULL_CONVERSION = YES;
				CLANG_WARN_OBJC_IMPLICIT_RETAIN_SELF = YES;
				CLANG_WARN_OBJC_LITERAL_CONVERSION = YES;
				CLANG_WARN_OBJC_ROOT_CLASS = YES_ERROR;
				CLANG_WARN_QUOTED_INCLUDE_IN_FRAMEWORK_HEADER = YES;
				CLANG_WARN_RANGE_LOOP_ANALYSIS = YES;
				CLANG_WARN_STRICT_PROTOTYPES = YES;
				CLANG_WARN_SUSPICIOUS_MOVE = YES;
				CLANG_WARN_UNGUARDED_AVAILABILITY = YES_AGGRESSIVE;
				CLANG_WARN_UNREACHABLE_CODE = YES;
				CLANG_WARN__DUPLICATE_METHOD_MATCH = YES;
				COPY_PHASE_STRIP = NO;
				DEBUG_INFORMATION_FORMAT = dwarf;
				DEVELOPMENT_TEAM = 3MK42RU733;
				"DEVELOPMENT_TEAM[sdk=*]" = 3MK42RU733;
				ENABLE_STRICT_OBJC_MSGSEND = YES;
				ENABLE_TESTABILITY = YES;
				GCC_C_LANGUAGE_STANDARD = gnu11;
				GCC_DYNAMIC_NO_PIC = NO;
				GCC_NO_COMMON_BLOCKS = YES;
				GCC_OPTIMIZATION_LEVEL = 0;
				GCC_PREPROCESSOR_DEFINITIONS = (
					"DEBUG=1",
					"$(inherited)",
				);
				GCC_WARN_64_TO_32_BIT_CONVERSION = YES;
				GCC_WARN_ABOUT_RETURN_TYPE = YES_ERROR;
				GCC_WARN_UNDECLARED_SELECTOR = YES;
				GCC_WARN_UNINITIALIZED_AUTOS = YES_AGGRESSIVE;
				GCC_WARN_UNUSED_FUNCTION = YES;
				GCC_WARN_UNUSED_VARIABLE = YES;
				INFOPLIST_KEY_UIMainStoryboardFile = "";
				IPHONEOS_DEPLOYMENT_TARGET = 15.5;
				MTL_ENABLE_DEBUG_INFO = INCLUDE_SOURCE;
				MTL_FAST_MATH = YES;
				ONLY_ACTIVE_ARCH = YES;
				SDKROOT = iphoneos;
				SWIFT_ACTIVE_COMPILATION_CONDITIONS = DEBUG;
				SWIFT_OPTIMIZATION_LEVEL = "-Onone";
			};
			name = Debug;
		};
		410E414D28EA15A60082E3DA /* Release */ = {
			isa = XCBuildConfiguration;
			buildSettings = {
				ALWAYS_SEARCH_USER_PATHS = NO;
				CLANG_ANALYZER_NONNULL = YES;
				CLANG_ANALYZER_NUMBER_OBJECT_CONVERSION = YES_AGGRESSIVE;
				CLANG_CXX_LANGUAGE_STANDARD = "gnu++17";
				CLANG_ENABLE_MODULES = YES;
				CLANG_ENABLE_OBJC_ARC = YES;
				CLANG_ENABLE_OBJC_WEAK = YES;
				CLANG_WARN_BLOCK_CAPTURE_AUTORELEASING = YES;
				CLANG_WARN_BOOL_CONVERSION = YES;
				CLANG_WARN_COMMA = YES;
				CLANG_WARN_CONSTANT_CONVERSION = YES;
				CLANG_WARN_DEPRECATED_OBJC_IMPLEMENTATIONS = YES;
				CLANG_WARN_DIRECT_OBJC_ISA_USAGE = YES_ERROR;
				CLANG_WARN_DOCUMENTATION_COMMENTS = YES;
				CLANG_WARN_EMPTY_BODY = YES;
				CLANG_WARN_ENUM_CONVERSION = YES;
				CLANG_WARN_INFINITE_RECURSION = YES;
				CLANG_WARN_INT_CONVERSION = YES;
				CLANG_WARN_NON_LITERAL_NULL_CONVERSION = YES;
				CLANG_WARN_OBJC_IMPLICIT_RETAIN_SELF = YES;
				CLANG_WARN_OBJC_LITERAL_CONVERSION = YES;
				CLANG_WARN_OBJC_ROOT_CLASS = YES_ERROR;
				CLANG_WARN_QUOTED_INCLUDE_IN_FRAMEWORK_HEADER = YES;
				CLANG_WARN_RANGE_LOOP_ANALYSIS = YES;
				CLANG_WARN_STRICT_PROTOTYPES = YES;
				CLANG_WARN_SUSPICIOUS_MOVE = YES;
				CLANG_WARN_UNGUARDED_AVAILABILITY = YES_AGGRESSIVE;
				CLANG_WARN_UNREACHABLE_CODE = YES;
				CLANG_WARN__DUPLICATE_METHOD_MATCH = YES;
				COPY_PHASE_STRIP = NO;
				DEBUG_INFORMATION_FORMAT = "dwarf-with-dsym";
				"DEVELOPMENT_TEAM[sdk=*]" = 3MK42RU733;
				ENABLE_NS_ASSERTIONS = NO;
				ENABLE_STRICT_OBJC_MSGSEND = YES;
				GCC_C_LANGUAGE_STANDARD = gnu11;
				GCC_NO_COMMON_BLOCKS = YES;
				GCC_WARN_64_TO_32_BIT_CONVERSION = YES;
				GCC_WARN_ABOUT_RETURN_TYPE = YES_ERROR;
				GCC_WARN_UNDECLARED_SELECTOR = YES;
				GCC_WARN_UNINITIALIZED_AUTOS = YES_AGGRESSIVE;
				GCC_WARN_UNUSED_FUNCTION = YES;
				GCC_WARN_UNUSED_VARIABLE = YES;
				INFOPLIST_KEY_UIMainStoryboardFile = "";
				IPHONEOS_DEPLOYMENT_TARGET = 15.5;
				MTL_ENABLE_DEBUG_INFO = NO;
				MTL_FAST_MATH = YES;
				SDKROOT = iphoneos;
				SWIFT_COMPILATION_MODE = wholemodule;
				SWIFT_OPTIMIZATION_LEVEL = "-O";
				VALIDATE_PRODUCT = YES;
			};
			name = Release;
		};
		410E414F28EA15A60082E3DA /* Debug */ = {
			isa = XCBuildConfiguration;
			buildSettings = {
				ASSETCATALOG_COMPILER_APPICON_NAME = AppIcon;
				ASSETCATALOG_COMPILER_GLOBAL_ACCENT_COLOR_NAME = AccentColor;
				CODE_SIGN_STYLE = Automatic;
				CURRENT_PROJECT_VERSION = 1;
				GENERATE_INFOPLIST_FILE = YES;
				INFOPLIST_FILE = iomorinPW2/Info.plist;
				INFOPLIST_KEY_UIApplicationSupportsIndirectInputEvents = YES;
				INFOPLIST_KEY_UILaunchStoryboardName = LaunchScreen;
				INFOPLIST_KEY_UISupportedInterfaceOrientations_iPad = "UIInterfaceOrientationPortrait UIInterfaceOrientationPortraitUpsideDown UIInterfaceOrientationLandscapeLeft UIInterfaceOrientationLandscapeRight";
				INFOPLIST_KEY_UISupportedInterfaceOrientations_iPhone = "UIInterfaceOrientationPortrait UIInterfaceOrientationLandscapeLeft UIInterfaceOrientationLandscapeRight";
				LD_RUNPATH_SEARCH_PATHS = (
					"$(inherited)",
					"@executable_path/Frameworks",
				);
				MARKETING_VERSION = 1.0;
				PRODUCT_BUNDLE_IDENTIFIER = ILKA.iomorinPW2;
				PRODUCT_NAME = "$(TARGET_NAME)";
				SWIFT_EMIT_LOC_STRINGS = YES;
				SWIFT_VERSION = 5.0;
				TARGETED_DEVICE_FAMILY = "1,2";
			};
			name = Debug;
		};
		410E415028EA15A60082E3DA /* Release */ = {
			isa = XCBuildConfiguration;
			buildSettings = {
				ASSETCATALOG_COMPILER_APPICON_NAME = AppIcon;
				ASSETCATALOG_COMPILER_GLOBAL_ACCENT_COLOR_NAME = AccentColor;
				CODE_SIGN_STYLE = Automatic;
				CURRENT_PROJECT_VERSION = 1;
				GENERATE_INFOPLIST_FILE = YES;
				INFOPLIST_FILE = iomorinPW2/Info.plist;
				INFOPLIST_KEY_UIApplicationSupportsIndirectInputEvents = YES;
				INFOPLIST_KEY_UILaunchStoryboardName = LaunchScreen;
				INFOPLIST_KEY_UISupportedInterfaceOrientations_iPad = "UIInterfaceOrientationPortrait UIInterfaceOrientationPortraitUpsideDown UIInterfaceOrientationLandscapeLeft UIInterfaceOrientationLandscapeRight";
				INFOPLIST_KEY_UISupportedInterfaceOrientations_iPhone = "UIInterfaceOrientationPortrait UIInterfaceOrientationLandscapeLeft UIInterfaceOrientationLandscapeRight";
				LD_RUNPATH_SEARCH_PATHS = (
					"$(inherited)",
					"@executable_path/Frameworks",
				);
				MARKETING_VERSION = 1.0;
				PRODUCT_BUNDLE_IDENTIFIER = ILKA.iomorinPW2;
				PRODUCT_NAME = "$(TARGET_NAME)";
				SWIFT_EMIT_LOC_STRINGS = YES;
				SWIFT_VERSION = 5.0;
				TARGETED_DEVICE_FAMILY = "1,2";
			};
			name = Release;
		};
/* End XCBuildConfiguration section */

/* Begin XCConfigurationList section */
		410E413528EA15A40082E3DA /* Build configuration list for PBXProject "iomorinPW2" */ = {
			isa = XCConfigurationList;
			buildConfigurations = (
				410E414C28EA15A60082E3DA /* Debug */,
				410E414D28EA15A60082E3DA /* Release */,
			);
			defaultConfigurationIsVisible = 0;
			defaultConfigurationName = Release;
		};
		410E414E28EA15A60082E3DA /* Build configuration list for PBXNativeTarget "iomorinPW2" */ = {
			isa = XCConfigurationList;
			buildConfigurations = (
				410E414F28EA15A60082E3DA /* Debug */,
				410E415028EA15A60082E3DA /* Release */,
			);
			defaultConfigurationIsVisible = 0;
			defaultConfigurationName = Release;
		};
/* End XCConfigurationList section */
	};
	rootObject = 410E413228EA15A40082E3DA /* Project object */;
}
